// !$*UTF8*$!
{
	archiveVersion = 1;
	classes = {
	};
	objectVersion = 46;
	objects = {

/* Begin PBXBuildFile section */
		8ECC04B71CD6F474001FEEF4 /* AppDelegate.swift in Sources */ = {isa = PBXBuildFile; fileRef = 8ECC04B61CD6F474001FEEF4 /* AppDelegate.swift */; };
		8ECC04B91CD6F474001FEEF4 /* ViewController.swift in Sources */ = {isa = PBXBuildFile; fileRef = 8ECC04B81CD6F474001FEEF4 /* ViewController.swift */; };
		8ECC04BC1CD6F474001FEEF4 /* Main.storyboard in Resources */ = {isa = PBXBuildFile; fileRef = 8ECC04BA1CD6F474001FEEF4 /* Main.storyboard */; };
		8ECC04BE1CD6F474001FEEF4 /* Assets.xcassets in Resources */ = {isa = PBXBuildFile; fileRef = 8ECC04BD1CD6F474001FEEF4 /* Assets.xcassets */; };
		8ECC04C11CD6F474001FEEF4 /* LaunchScreen.storyboard in Resources */ = {isa = PBXBuildFile; fileRef = 8ECC04BF1CD6F474001FEEF4 /* LaunchScreen.storyboard */; };
		8ECC04CC1CD6F474001FEEF4 /* basketball_teamTests.swift in Sources */ = {isa = PBXBuildFile; fileRef = 8ECC04CB1CD6F474001FEEF4 /* basketball_teamTests.swift */; };
		8ECC04D71CD6F474001FEEF4 /* basketball_teamUITests.swift in Sources */ = {isa = PBXBuildFile; fileRef = 8ECC04D61CD6F474001FEEF4 /* basketball_teamUITests.swift */; };
/* End PBXBuildFile section */

/* Begin PBXContainerItemProxy section */
		8ECC04C81CD6F474001FEEF4 /* PBXContainerItemProxy */ = {
			isa = PBXContainerItemProxy;
			containerPortal = 8ECC04AB1CD6F474001FEEF4 /* Project object */;
			proxyType = 1;
			remoteGlobalIDString = 8ECC04B21CD6F474001FEEF4;
			remoteInfo = "basketball-team";
		};
		8ECC04D31CD6F474001FEEF4 /* PBXContainerItemProxy */ = {
			isa = PBXContainerItemProxy;
			containerPortal = 8ECC04AB1CD6F474001FEEF4 /* Project object */;
			proxyType = 1;
			remoteGlobalIDString = 8ECC04B21CD6F474001FEEF4;
			remoteInfo = "basketball-team";
		};
/* End PBXContainerItemProxy section */

/* Begin PBXFileReference section */
		8ECC04B31CD6F474001FEEF4 /* basketball-team.app */ = {isa = PBXFileReference; explicitFileType = wrapper.application; includeInIndex = 0; path = "basketball-team.app"; sourceTree = BUILT_PRODUCTS_DIR; };
		8ECC04B61CD6F474001FEEF4 /* AppDelegate.swift */ = {isa = PBXFileReference; lastKnownFileType = sourcecode.swift; path = AppDelegate.swift; sourceTree = "<group>"; };
		8ECC04B81CD6F474001FEEF4 /* ViewController.swift */ = {isa = PBXFileReference; lastKnownFileType = sourcecode.swift; path = ViewController.swift; sourceTree = "<group>"; };
		8ECC04BB1CD6F474001FEEF4 /* Base */ = {isa = PBXFileReference; lastKnownFileType = file.storyboard; name = Base; path = Base.lproj/Main.storyboard; sourceTree = "<group>"; };
		8ECC04BD1CD6F474001FEEF4 /* Assets.xcassets */ = {isa = PBXFileReference; lastKnownFileType = folder.assetcatalog; path = Assets.xcassets; sourceTree = "<group>"; };
		8ECC04C01CD6F474001FEEF4 /* Base */ = {isa = PBXFileReference; lastKnownFileType = file.storyboard; name = Base; path = Base.lproj/LaunchScreen.storyboard; sourceTree = "<group>"; };
		8ECC04C21CD6F474001FEEF4 /* Info.plist */ = {isa = PBXFileReference; lastKnownFileType = text.plist.xml; path = Info.plist; sourceTree = "<group>"; };
		8ECC04C71CD6F474001FEEF4 /* basketball-teamTests.xctest */ = {isa = PBXFileReference; explicitFileType = wrapper.cfbundle; includeInIndex = 0; path = "basketball-teamTests.xctest"; sourceTree = BUILT_PRODUCTS_DIR; };
		8ECC04CB1CD6F474001FEEF4 /* basketball_teamTests.swift */ = {isa = PBXFileReference; lastKnownFileType = sourcecode.swift; path = basketball_teamTests.swift; sourceTree = "<group>"; };
		8ECC04CD1CD6F474001FEEF4 /* Info.plist */ = {isa = PBXFileReference; lastKnownFileType = text.plist.xml; path = Info.plist; sourceTree = "<group>"; };
		8ECC04D21CD6F474001FEEF4 /* basketball-teamUITests.xctest */ = {isa = PBXFileReference; explicitFileType = wrapper.cfbundle; includeInIndex = 0; path = "basketball-teamUITests.xctest"; sourceTree = BUILT_PRODUCTS_DIR; };
		8ECC04D61CD6F474001FEEF4 /* basketball_teamUITests.swift */ = {isa = PBXFileReference; lastKnownFileType = sourcecode.swift; path = basketball_teamUITests.swift; sourceTree = "<group>"; };
		8ECC04D81CD6F474001FEEF4 /* Info.plist */ = {isa = PBXFileReference; lastKnownFileType = text.plist.xml; path = Info.plist; sourceTree = "<group>"; };
/* End PBXFileReference section */

/* Begin PBXFrameworksBuildPhase section */
		8ECC04B01CD6F474001FEEF4 /* Frameworks */ = {
			isa = PBXFrameworksBuildPhase;
			buildActionMask = 2147483647;
			files = (
			);
			runOnlyForDeploymentPostprocessing = 0;
		};
		8ECC04C41CD6F474001FEEF4 /* Frameworks */ = {
			isa = PBXFrameworksBuildPhase;
			buildActionMask = 2147483647;
			files = (
			);
			runOnlyForDeploymentPostprocessing = 0;
		};
		8ECC04CF1CD6F474001FEEF4 /* Frameworks */ = {
			isa = PBXFrameworksBuildPhase;
			buildActionMask = 2147483647;
			files = (
			);
			runOnlyForDeploymentPostprocessing = 0;
		};
/* End PBXFrameworksBuildPhase section */

/* Begin PBXGroup section */
		8ECC04AA1CD6F474001FEEF4 = {
			isa = PBXGroup;
			children = (
				8ECC04B51CD6F474001FEEF4 /* basketball-team */,
				8ECC04CA1CD6F474001FEEF4 /* basketball-teamTests */,
				8ECC04D51CD6F474001FEEF4 /* basketball-teamUITests */,
				8ECC04B41CD6F474001FEEF4 /* Products */,
			);
			sourceTree = "<group>";
		};
		8ECC04B41CD6F474001FEEF4 /* Products */ = {
			isa = PBXGroup;
			children = (
				8ECC04B31CD6F474001FEEF4 /* basketball-team.app */,
				8ECC04C71CD6F474001FEEF4 /* basketball-teamTests.xctest */,
				8ECC04D21CD6F474001FEEF4 /* basketball-teamUITests.xctest */,
			);
			name = Products;
			sourceTree = "<group>";
		};
		8ECC04B51CD6F474001FEEF4 /* basketball-team */ = {
			isa = PBXGroup;
			children = (
				8ECC04B61CD6F474001FEEF4 /* AppDelegate.swift */,
				8ECC04B81CD6F474001FEEF4 /* ViewController.swift */,
				8ECC04BA1CD6F474001FEEF4 /* Main.storyboard */,
				8ECC04BD1CD6F474001FEEF4 /* Assets.xcassets */,
				8ECC04BF1CD6F474001FEEF4 /* LaunchScreen.storyboard */,
				8ECC04C21CD6F474001FEEF4 /* Info.plist */,
			);
			path = "basketball-team";
			sourceTree = "<group>";
		};
		8ECC04CA1CD6F474001FEEF4 /* basketball-teamTests */ = {
			isa = PBXGroup;
			children = (
				8ECC04CB1CD6F474001FEEF4 /* basketball_teamTests.swift */,
				8ECC04CD1CD6F474001FEEF4 /* Info.plist */,
			);
			path = "basketball-teamTests";
			sourceTree = "<group>";
		};
		8ECC04D51CD6F474001FEEF4 /* basketball-teamUITests */ = {
			isa = PBXGroup;
			children = (
				8ECC04D61CD6F474001FEEF4 /* basketball_teamUITests.swift */,
				8ECC04D81CD6F474001FEEF4 /* Info.plist */,
			);
			path = "basketball-teamUITests";
			sourceTree = "<group>";
		};
/* End PBXGroup section */

/* Begin PBXNativeTarget section */
		8ECC04B21CD6F474001FEEF4 /* basketball-team */ = {
			isa = PBXNativeTarget;
			buildConfigurationList = 8ECC04DB1CD6F474001FEEF4 /* Build configuration list for PBXNativeTarget "basketball-team" */;
			buildPhases = (
				8ECC04AF1CD6F474001FEEF4 /* Sources */,
				8ECC04B01CD6F474001FEEF4 /* Frameworks */,
				8ECC04B11CD6F474001FEEF4 /* Resources */,
			);
			buildRules = (
			);
			dependencies = (
			);
			name = "basketball-team";
			productName = "basketball-team";
			productReference = 8ECC04B31CD6F474001FEEF4 /* basketball-team.app */;
			productType = "com.apple.product-type.application";
		};
		8ECC04C61CD6F474001FEEF4 /* basketball-teamTests */ = {
			isa = PBXNativeTarget;
			buildConfigurationList = 8ECC04DE1CD6F474001FEEF4 /* Build configuration list for PBXNativeTarget "basketball-teamTests" */;
			buildPhases = (
				8ECC04C31CD6F474001FEEF4 /* Sources */,
				8ECC04C41CD6F474001FEEF4 /* Frameworks */,
				8ECC04C51CD6F474001FEEF4 /* Resources */,
			);
			buildRules = (
			);
			dependencies = (
				8ECC04C91CD6F474001FEEF4 /* PBXTargetDependency */,
			);
			name = "basketball-teamTests";
			productName = "basketball-teamTests";
			productReference = 8ECC04C71CD6F474001FEEF4 /* basketball-teamTests.xctest */;
			productType = "com.apple.product-type.bundle.unit-test";
		};
		8ECC04D11CD6F474001FEEF4 /* basketball-teamUITests */ = {
			isa = PBXNativeTarget;
			buildConfigurationList = 8ECC04E11CD6F474001FEEF4 /* Build configuration list for PBXNativeTarget "basketball-teamUITests" */;
			buildPhases = (
				8ECC04CE1CD6F474001FEEF4 /* Sources */,
				8ECC04CF1CD6F474001FEEF4 /* Frameworks */,
				8ECC04D01CD6F474001FEEF4 /* Resources */,
			);
			buildRules = (
			);
			dependencies = (
				8ECC04D41CD6F474001FEEF4 /* PBXTargetDependency */,
			);
			name = "basketball-teamUITests";
			productName = "basketball-teamUITests";
			productReference = 8ECC04D21CD6F474001FEEF4 /* basketball-teamUITests.xctest */;
			productType = "com.apple.product-type.bundle.ui-testing";
		};
/* End PBXNativeTarget section */

/* Begin PBXProject section */
		8ECC04AB1CD6F474001FEEF4 /* Project object */ = {
			isa = PBXProject;
			attributes = {
				LastSwiftUpdateCheck = 0730;
				LastUpgradeCheck = 0730;
				ORGANIZATIONNAME = "Yuri Ramocan";
				TargetAttributes = {
					8ECC04B21CD6F474001FEEF4 = {
						CreatedOnToolsVersion = 7.3;
						DevelopmentTeam = JFW9B39RP7;
					};
					8ECC04C61CD6F474001FEEF4 = {
						CreatedOnToolsVersion = 7.3;
						DevelopmentTeam = JFW9B39RP7;
						TestTargetID = 8ECC04B21CD6F474001FEEF4;
					};
					8ECC04D11CD6F474001FEEF4 = {
						CreatedOnToolsVersion = 7.3;
						DevelopmentTeam = JFW9B39RP7;
						TestTargetID = 8ECC04B21CD6F474001FEEF4;
					};
				};
			};
			buildConfigurationList = 8ECC04AE1CD6F474001FEEF4 /* Build configuration list for PBXProject "basketball-team" */;
			compatibilityVersion = "Xcode 3.2";
			developmentRegion = English;
			hasScannedForEncodings = 0;
			knownRegions = (
				en,
				Base,
			);
			mainGroup = 8ECC04AA1CD6F474001FEEF4;
			productRefGroup = 8ECC04B41CD6F474001FEEF4 /* Products */;
			projectDirPath = "";
			projectRoot = "";
			targets = (
				8ECC04B21CD6F474001FEEF4 /* basketball-team */,
				8ECC04C61CD6F474001FEEF4 /* basketball-teamTests */,
				8ECC04D11CD6F474001FEEF4 /* basketball-teamUITests */,
			);
		};
/* End PBXProject section */

/* Begin PBXResourcesBuildPhase section */
		8ECC04B11CD6F474001FEEF4 /* Resources */ = {
			isa = PBXResourcesBuildPhase;
			buildActionMask = 2147483647;
			files = (
				8ECC04C11CD6F474001FEEF4 /* LaunchScreen.storyboard in Resources */,
				8ECC04BE1CD6F474001FEEF4 /* Assets.xcassets in Resources */,
				8ECC04BC1CD6F474001FEEF4 /* Main.storyboard in Resources */,
			);
			runOnlyForDeploymentPostprocessing = 0;
		};
		8ECC04C51CD6F474001FEEF4 /* Resources */ = {
			isa = PBXResourcesBuildPhase;
			buildActionMask = 2147483647;
			files = (
			);
			runOnlyForDeploymentPostprocessing = 0;
		};
		8ECC04D01CD6F474001FEEF4 /* Resources */ = {
			isa = PBXResourcesBuildPhase;
			buildActionMask = 2147483647;
			files = (
			);
			runOnlyForDeploymentPostprocessing = 0;
		};
/* End PBXResourcesBuildPhase section */

/* Begin PBXSourcesBuildPhase section */
		8ECC04AF1CD6F474001FEEF4 /* Sources */ = {
			isa = PBXSourcesBuildPhase;
			buildActionMask = 2147483647;
			files = (
				8ECC04B91CD6F474001FEEF4 /* ViewController.swift in Sources */,
				8ECC04B71CD6F474001FEEF4 /* AppDelegate.swift in Sources */,
			);
			runOnlyForDeploymentPostprocessing = 0;
		};
		8ECC04C31CD6F474001FEEF4 /* Sources */ = {
			isa = PBXSourcesBuildPhase;
			buildActionMask = 2147483647;
			files = (
				8ECC04CC1CD6F474001FEEF4 /* basketball_teamTests.swift in Sources */,
			);
			runOnlyForDeploymentPostprocessing = 0;
		};
		8ECC04CE1CD6F474001FEEF4 /* Sources */ = {
			isa = PBXSourcesBuildPhase;
			buildActionMask = 2147483647;
			files = (
				8ECC04D71CD6F474001FEEF4 /* basketball_teamUITests.swift in Sources */,
			);
			runOnlyForDeploymentPostprocessing = 0;
		};
/* End PBXSourcesBuildPhase section */

/* Begin PBXTargetDependency section */
		8ECC04C91CD6F474001FEEF4 /* PBXTargetDependency */ = {
			isa = PBXTargetDependency;
			target = 8ECC04B21CD6F474001FEEF4 /* basketball-team */;
			targetProxy = 8ECC04C81CD6F474001FEEF4 /* PBXContainerItemProxy */;
		};
		8ECC04D41CD6F474001FEEF4 /* PBXTargetDependency */ = {
			isa = PBXTargetDependency;
			target = 8ECC04B21CD6F474001FEEF4 /* basketball-team */;
			targetProxy = 8ECC04D31CD6F474001FEEF4 /* PBXContainerItemProxy */;
		};
/* End PBXTargetDependency section */

/* Begin PBXVariantGroup section */
		8ECC04BA1CD6F474001FEEF4 /* Main.storyboard */ = {
			isa = PBXVariantGroup;
			children = (
				8ECC04BB1CD6F474001FEEF4 /* Base */,
			);
			name = Main.storyboard;
			sourceTree = "<group>";
		};
		8ECC04BF1CD6F474001FEEF4 /* LaunchScreen.storyboard */ = {
			isa = PBXVariantGroup;
			children = (
				8ECC04C01CD6F474001FEEF4 /* Base */,
			);
			name = LaunchScreen.storyboard;
			sourceTree = "<group>";
		};
/* End PBXVariantGroup section */

/* Begin XCBuildConfiguration section */
		8ECC04D91CD6F474001FEEF4 /* Debug */ = {
			isa = XCBuildConfiguration;
			buildSettings = {
				ALWAYS_SEARCH_USER_PATHS = NO;
				CLANG_ANALYZER_NONNULL = YES;
				CLANG_CXX_LANGUAGE_STANDARD = "gnu++0x";
				CLANG_CXX_LIBRARY = "libc++";
				CLANG_ENABLE_MODULES = YES;
				CLANG_ENABLE_OBJC_ARC = YES;
				CLANG_WARN_BOOL_CONVERSION = YES;
				CLANG_WARN_CONSTANT_CONVERSION = YES;
				CLANG_WARN_DIRECT_OBJC_ISA_USAGE = YES_ERROR;
				CLANG_WARN_EMPTY_BODY = YES;
				CLANG_WARN_ENUM_CONVERSION = YES;
				CLANG_WARN_INT_CONVERSION = YES;
				CLANG_WARN_OBJC_ROOT_CLASS = YES_ERROR;
				CLANG_WARN_UNREACHABLE_CODE = YES;
				CLANG_WARN__DUPLICATE_METHOD_MATCH = YES;
				"CODE_SIGN_IDENTITY[sdk=iphoneos*]" = "iPhone Developer";
				COPY_PHASE_STRIP = NO;
				DEBUG_INFORMATION_FORMAT = dwarf;
				ENABLE_STRICT_OBJC_MSGSEND = YES;
				ENABLE_TESTABILITY = YES;
				GCC_C_LANGUAGE_STANDARD = gnu99;
				GCC_DYNAMIC_NO_PIC = NO;
				GCC_NO_COMMON_BLOCKS = YES;
				GCC_OPTIMIZATION_LEVEL = 0;
				GCC_PREPROCESSOR_DEFINITIONS = (
					"DEBUG=1",
					"$(inherited)",
				);
				GCC_WARN_64_TO_32_BIT_CONVERSION = YES;
				GCC_WARN_ABOUT_RETURN_TYPE = YES_ERROR;
				GCC_WARN_UNDECLARED_SELECTOR = YES;
				GCC_WARN_UNINITIALIZED_AUTOS = YES_AGGRESSIVE;
				GCC_WARN_UNUSED_FUNCTION = YES;
				GCC_WARN_UNUSED_VARIABLE = YES;
				IPHONEOS_DEPLOYMENT_TARGET = 9.3;
				MTL_ENABLE_DEBUG_INFO = YES;
				ONLY_ACTIVE_ARCH = YES;
				SDKROOT = iphoneos;
				SWIFT_OPTIMIZATION_LEVEL = "-Onone";
			};
			name = Debug;
		};
		8ECC04DA1CD6F474001FEEF4 /* Release */ = {
			isa = XCBuildConfiguration;
			buildSettings = {
				ALWAYS_SEARCH_USER_PATHS = NO;
				CLANG_ANALYZER_NONNULL = YES;
				CLANG_CXX_LANGUAGE_STANDARD = "gnu++0x";
				CLANG_CXX_LIBRARY = "libc++";
				CLANG_ENABLE_MODULES = YES;
				CLANG_ENABLE_OBJC_ARC = YES;
				CLANG_WARN_BOOL_CONVERSION = YES;
				CLANG_WARN_CONSTANT_CONVERSION = YES;
				CLANG_WARN_DIRECT_OBJC_ISA_USAGE = YES_ERROR;
				CLANG_WARN_EMPTY_BODY = YES;
				CLANG_WARN_ENUM_CONVERSION = YES;
				CLANG_WARN_INT_CONVERSION = YES;
				CLANG_WARN_OBJC_ROOT_CLASS = YES_ERROR;
				CLANG_WARN_UNREACHABLE_CODE = YES;
				CLANG_WARN__DUPLICATE_METHOD_MATCH = YES;
				"CODE_SIGN_IDENTITY[sdk=iphoneos*]" = "iPhone Developer";
				COPY_PHASE_STRIP = NO;
				DEBUG_INFORMATION_FORMAT = "dwarf-with-dsym";
				ENABLE_NS_ASSERTIONS = NO;
				ENABLE_STRICT_OBJC_MSGSEND = YES;
				GCC_C_LANGUAGE_STANDARD = gnu99;
				GCC_NO_COMMON_BLOCKS = YES;
				GCC_WARN_64_TO_32_BIT_CONVERSION = YES;
				GCC_WARN_ABOUT_RETURN_TYPE = YES_ERROR;
				GCC_WARN_UNDECLARED_SELECTOR = YES;
				GCC_WARN_UNINITIALIZED_AUTOS = YES_AGGRESSIVE;
				GCC_WARN_UNUSED_FUNCTION = YES;
				GCC_WARN_UNUSED_VARIABLE = YES;
				IPHONEOS_DEPLOYMENT_TARGET = 9.3;
				MTL_ENABLE_DEBUG_INFO = NO;
				SDKROOT = iphoneos;
				VALIDATE_PRODUCT = YES;
			};
			name = Release;
		};
		8ECC04DC1CD6F474001FEEF4 /* Debug */ = {
			isa = XCBuildConfiguration;
			buildSettings = {
				ASSETCATALOG_COMPILER_APPICON_NAME = AppIcon;
				INFOPLIST_FILE = "basketball-team/Info.plist";
				LD_RUNPATH_SEARCH_PATHS = "$(inherited) @executable_path/Frameworks";
				PRODUCT_BUNDLE_IDENTIFIER = "com.yuriramocan.basketball-team";
				PRODUCT_NAME = "$(TARGET_NAME)";
			};
			name = Debug;
		};
		8ECC04DD1CD6F474001FEEF4 /* Release */ = {
			isa = XCBuildConfiguration;
			buildSettings = {
				ASSETCATALOG_COMPILER_APPICON_NAME = AppIcon;
				INFOPLIST_FILE = "basketball-team/Info.plist";
				LD_RUNPATH_SEARCH_PATHS = "$(inherited) @executable_path/Frameworks";
				PRODUCT_BUNDLE_IDENTIFIER = "com.yuriramocan.basketball-team";
				PRODUCT_NAME = "$(TARGET_NAME)";
			};
			name = Release;
		};
		8ECC04DF1CD6F474001FEEF4 /* Debug */ = {
			isa = XCBuildConfiguration;
			buildSettings = {
				BUNDLE_LOADER = "$(TEST_HOST)";
				INFOPLIST_FILE = "basketball-teamTests/Info.plist";
				LD_RUNPATH_SEARCH_PATHS = "$(inherited) @executable_path/Frameworks @loader_path/Frameworks";
				PRODUCT_BUNDLE_IDENTIFIER = "com.yuriramocan.basketball-teamTests";
				PRODUCT_NAME = "$(TARGET_NAME)";
				TEST_HOST = "$(BUILT_PRODUCTS_DIR)/basketball-team.app/basketball-team";
			};
			name = Debug;
		};
		8ECC04E01CD6F474001FEEF4 /* Release */ = {
			isa = XCBuildConfiguration;
			buildSettings = {
				BUNDLE_LOADER = "$(TEST_HOST)";
				INFOPLIST_FILE = "basketball-teamTests/Info.plist";
				LD_RUNPATH_SEARCH_PATHS = "$(inherited) @executable_path/Frameworks @loader_path/Frameworks";
				PRODUCT_BUNDLE_IDENTIFIER = "com.yuriramocan.basketball-teamTests";
				PRODUCT_NAME = "$(TARGET_NAME)";
				TEST_HOST = "$(BUILT_PRODUCTS_DIR)/basketball-team.app/basketball-team";
			};
			name = Release;
		};
		8ECC04E21CD6F474001FEEF4 /* Debug */ = {
			isa = XCBuildConfiguration;
			buildSettings = {
				INFOPLIST_FILE = "basketball-teamUITests/Info.plist";
				LD_RUNPATH_SEARCH_PATHS = "$(inherited) @executable_path/Frameworks @loader_path/Frameworks";
				PRODUCT_BUNDLE_IDENTIFIER = "com.yuriramocan.basketball-teamUITests";
				PRODUCT_NAME = "$(TARGET_NAME)";
				TEST_TARGET_NAME = "basketball-team";
			};
			name = Debug;
		};
		8ECC04E31CD6F474001FEEF4 /* Release */ = {
			isa = XCBuildConfiguration;
			buildSettings = {
				INFOPLIST_FILE = "basketball-teamUITests/Info.plist";
				LD_RUNPATH_SEARCH_PATHS = "$(inherited) @executable_path/Frameworks @loader_path/Frameworks";
				PRODUCT_BUNDLE_IDENTIFIER = "com.yuriramocan.basketball-teamUITests";
				PRODUCT_NAME = "$(TARGET_NAME)";
				TEST_TARGET_NAME = "basketball-team";
			};
			name = Release;
		};
/* End XCBuildConfiguration section */

/* Begin XCConfigurationList section */
		8ECC04AE1CD6F474001FEEF4 /* Build configuration list for PBXProject "basketball-team" */ = {
			isa = XCConfigurationList;
			buildConfigurations = (
				8ECC04D91CD6F474001FEEF4 /* Debug */,
				8ECC04DA1CD6F474001FEEF4 /* Release */,
			);
			defaultConfigurationIsVisible = 0;
			defaultConfigurationName = Release;
		};
		8ECC04DB1CD6F474001FEEF4 /* Build configuration list for PBXNativeTarget "basketball-team" */ = {
			isa = XCConfigurationList;
			buildConfigurations = (
				8ECC04DC1CD6F474001FEEF4 /* Debug */,
				8ECC04DD1CD6F474001FEEF4 /* Release */,
			);
			defaultConfigurationIsVisible = 0;
		};
		8ECC04DE1CD6F474001FEEF4 /* Build configuration list for PBXNativeTarget "basketball-teamTests" */ = {
			isa = XCConfigurationList;
			buildConfigurations = (
				8ECC04DF1CD6F474001FEEF4 /* Debug */,
				8ECC04E01CD6F474001FEEF4 /* Release */,
			);
			defaultConfigurationIsVisible = 0;
		};
		8ECC04E11CD6F474001FEEF4 /* Build configuration list for PBXNativeTarget "basketball-teamUITests" */ = {
			isa = XCConfigurationList;
			buildConfigurations = (
				8ECC04E21CD6F474001FEEF4 /* Debug */,
				8ECC04E31CD6F474001FEEF4 /* Release */,
			);
			defaultConfigurationIsVisible = 0;
		};
/* End XCConfigurationList section */
	};
	rootObject = 8ECC04AB1CD6F474001FEEF4 /* Project object */;
}
